
Microsoft Visual Studio Solution File, Format Version 12.00
# Visual Studio Version 17
VisualStudioVersion = 17.8.34330.188
MinimumVisualStudioVersion = 10.0.40219.1
Project("{FAE04EC0-301F-11D3-BF4B-00C04F79EFBC}") = "agents", "agents\agents.csproj", "{F68A7F73-05B8-40FF-B1DC-ADDCB2774F23}"
EndProject
Global
	GlobalSection(SolutionConfigurationPlatforms) = preSolution
		Debug|Any CPU = Debug|Any CPU
		Release|Any CPU = Release|Any CPU
	EndGlobalSection
	GlobalSection(ProjectConfigurationPlatforms) = postSolution
		{F68A7F73-05B8-40FF-B1DC-ADDCB2774F23}.Debug|Any CPU.ActiveCfg = Debug|Any CPU
		{F68A7F73-05B8-40FF-B1DC-ADDCB2774F23}.Debug|Any CPU.Build.0 = Debug|Any CPU
		{F68A7F73-05B8-40FF-B1DC-ADDCB2774F23}.Release|Any CPU.ActiveCfg = Release|Any CPU
		{F68A7F73-05B8-40FF-B1DC-ADDCB2774F23}.Release|Any CPU.Build.0 = Release|Any CPU
	EndGlobalSection
	GlobalSection(SolutionProperties) = preSolution
		HideSolutionNode = FALSE
	EndGlobalSection
	GlobalSection(ExtensibilityGlobals) = postSolution
		SolutionGuid = {68E16179-F9F2-4FD9-8165-19FCAB87C012}
	EndGlobalSection
EndGlobal
